
Microsoft Visual Studio Solution File, Format Version 12.00
# Visual Studio Version 17
VisualStudioVersion = 17.8.34525.116
MinimumVisualStudioVersion = 10.0.40219.1
Project("{FAE04EC0-301F-11D3-BF4B-00C04F79EFBC}") = "ProjetoClienteDaPe", "ProjetoClienteDaPe.csproj", "{991D3D5E-7912-45F2-952F-22C929DEA42A}"
EndProject
Global
	GlobalSection(SolutionConfigurationPlatforms) = preSolution
		Debug|Any CPU = Debug|Any CPU
		Release|Any CPU = Release|Any CPU
	EndGlobalSection
	GlobalSection(ProjectConfigurationPlatforms) = postSolution
		{991D3D5E-7912-45F2-952F-22C929DEA42A}.Debug|Any CPU.ActiveCfg = Debug|Any CPU
		{991D3D5E-7912-45F2-952F-22C929DEA42A}.Debug|Any CPU.Build.0 = Debug|Any CPU
		{991D3D5E-7912-45F2-952F-22C929DEA42A}.Release|Any CPU.ActiveCfg = Release|Any CPU
		{991D3D5E-7912-45F2-952F-22C929DEA42A}.Release|Any CPU.Build.0 = Release|Any CPU
	EndGlobalSection
	GlobalSection(SolutionProperties) = preSolution
		HideSolutionNode = FALSE
	EndGlobalSection
	GlobalSection(ExtensibilityGlobals) = postSolution
		SolutionGuid = {4CF32837-CBAA-414E-918E-ECA4DFD25CA0}
	EndGlobalSection
EndGlobal
